
Microsoft Visual Studio Solution File, Format Version 12.00
# Visual Studio 15
VisualStudioVersion = 15.0.27703.2042
MinimumVisualStudioVersion = 10.0.40219.1
Project("{FAE04EC0-301F-11D3-BF4B-00C04F79EFBC}") = "VideoRentalApp", "VideoRentalApp\VideoRentalApp.csproj", "{7A97DEF9-B116-420D-8267-15BD62027746}"
EndProject
Global
	GlobalSection(SolutionConfigurationPlatforms) = preSolution
		Debug|Any CPU = Debug|Any CPU
		Release|Any CPU = Release|Any CPU
	EndGlobalSection
	GlobalSection(ProjectConfigurationPlatforms) = postSolution
		{7A97DEF9-B116-420D-8267-15BD62027746}.Debug|Any CPU.ActiveCfg = Debug|Any CPU
		{7A97DEF9-B116-420D-8267-15BD62027746}.Debug|Any CPU.Build.0 = Debug|Any CPU
		{7A97DEF9-B116-420D-8267-15BD62027746}.Release|Any CPU.ActiveCfg = Release|Any CPU
		{7A97DEF9-B116-420D-8267-15BD62027746}.Release|Any CPU.Build.0 = Release|Any CPU
	EndGlobalSection
	GlobalSection(SolutionProperties) = preSolution
		HideSolutionNode = FALSE
	EndGlobalSection
	GlobalSection(ExtensibilityGlobals) = postSolution
		SolutionGuid = {87C062A6-7941-4CA0-BABA-F08932261657}
	EndGlobalSection
EndGlobal
